dependencies:
- name: console
  repository: file://charts/console
  version: 1.0.3
- name: oauth2-proxy
  repository: file://charts/oauth2-proxy
  version: 6.2.2
- name: jwt-decode-auth
  repository: file://charts/jwt-decode-auth
  version: 1.0.0
digest: sha256:15d77dd9965f83f7c0d7ff83c4d456ea518b2fabd4a3363588cd9a54e9ec18ec
generated: "2022-10-31T15:26:24.431322+09:00"
