dependencies:
- name: oauth2-proxy
  repository: file://charts/oauth2-proxy
  version: 6.2.2
- name: jwt-decode-auth
  repository: file://charts/jwt-decode-auth
  version: 1.0.0
digest: sha256:53cd31d129afb3dede4ef38dd00fe05d15a207433d88adeaf7d1b72a09c6942e
generated: "2022-08-29T14:03:35.169374+09:00"
