dependencies:
- name: oauth2-proxy
  repository: file://charts/oauth2-proxy
  version: 6.2.2
- name: jwt-decode-auth
  repository: file://charts/jwt-decode-auth
  version: 1.0.0
digest: sha256:e9f1839ff14cc63ac458e6b258eb850e9987b3f73b8de68ed797131ad6e6e854
generated: "2022-08-29T16:16:00.460489+09:00"
